
Microsoft Visual Studio Solution File, Format Version 12.00
# Visual Studio Version 16
VisualStudioVersion = 16.0.31624.102
MinimumVisualStudioVersion = 10.0.40219.1
Project("{FAE04EC0-301F-11D3-BF4B-00C04F79EFBC}") = "tamrin2", "tamrin2\tamrin2.csproj", "{8D5D45AF-8B41-41D7-866D-4C29D3595CC5}"
EndProject
Global
	GlobalSection(SolutionConfigurationPlatforms) = preSolution
		Debug|Any CPU = Debug|Any CPU
		Release|Any CPU = Release|Any CPU
	EndGlobalSection
	GlobalSection(ProjectConfigurationPlatforms) = postSolution
		{8D5D45AF-8B41-41D7-866D-4C29D3595CC5}.Debug|Any CPU.ActiveCfg = Debug|Any CPU
		{8D5D45AF-8B41-41D7-866D-4C29D3595CC5}.Debug|Any CPU.Build.0 = Debug|Any CPU
		{8D5D45AF-8B41-41D7-866D-4C29D3595CC5}.Release|Any CPU.ActiveCfg = Release|Any CPU
		{8D5D45AF-8B41-41D7-866D-4C29D3595CC5}.Release|Any CPU.Build.0 = Release|Any CPU
	EndGlobalSection
	GlobalSection(SolutionProperties) = preSolution
		HideSolutionNode = FALSE
	EndGlobalSection
	GlobalSection(ExtensibilityGlobals) = postSolution
		SolutionGuid = {DFCD266A-4781-4438-A228-1D670FCD6735}
	EndGlobalSection
EndGlobal
