
Microsoft Visual Studio Solution File, Format Version 12.00
# Visual Studio Version 16
VisualStudioVersion = 16.0.31624.102
MinimumVisualStudioVersion = 10.0.40219.1
Project("{FAE04EC0-301F-11D3-BF4B-00C04F79EFBC}") = "tamrin7", "tamrin7\tamrin7.csproj", "{6440020E-BEC7-43E6-B7BF-D12C5392F5AD}"
EndProject
Global
	GlobalSection(SolutionConfigurationPlatforms) = preSolution
		Debug|Any CPU = Debug|Any CPU
		Release|Any CPU = Release|Any CPU
	EndGlobalSection
	GlobalSection(ProjectConfigurationPlatforms) = postSolution
		{6440020E-BEC7-43E6-B7BF-D12C5392F5AD}.Debug|Any CPU.ActiveCfg = Debug|Any CPU
		{6440020E-BEC7-43E6-B7BF-D12C5392F5AD}.Debug|Any CPU.Build.0 = Debug|Any CPU
		{6440020E-BEC7-43E6-B7BF-D12C5392F5AD}.Release|Any CPU.ActiveCfg = Release|Any CPU
		{6440020E-BEC7-43E6-B7BF-D12C5392F5AD}.Release|Any CPU.Build.0 = Release|Any CPU
	EndGlobalSection
	GlobalSection(SolutionProperties) = preSolution
		HideSolutionNode = FALSE
	EndGlobalSection
	GlobalSection(ExtensibilityGlobals) = postSolution
		SolutionGuid = {15C2875F-A6AD-49F7-99BB-FE7690680287}
	EndGlobalSection
EndGlobal
